
Microsoft Visual Studio Solution File, Format Version 12.00
# Visual Studio Version 16
VisualStudioVersion = 16.0.31129.286
MinimumVisualStudioVersion = 10.0.40219.1
Project("{FAE04EC0-301F-11D3-BF4B-00C04F79EFBC}") = "Navigator", "Navigator\Navigator.csproj", "{0D0DFC56-3EB2-4D60-83FB-10E52BF4615C}"
EndProject
Project("{FAE04EC0-301F-11D3-BF4B-00C04F79EFBC}") = "Navigator.Tests", "Navigator.Tests\Navigator.Tests.csproj", "{12A90154-4EB5-45E4-B758-3A106415C5F7}"
EndProject
Global
	GlobalSection(SolutionConfigurationPlatforms) = preSolution
		Debug|Any CPU = Debug|Any CPU
		Release|Any CPU = Release|Any CPU
	EndGlobalSection
	GlobalSection(ProjectConfigurationPlatforms) = postSolution
		{0D0DFC56-3EB2-4D60-83FB-10E52BF4615C}.Debug|Any CPU.ActiveCfg = Debug|Any CPU
		{0D0DFC56-3EB2-4D60-83FB-10E52BF4615C}.Debug|Any CPU.Build.0 = Debug|Any CPU
		{0D0DFC56-3EB2-4D60-83FB-10E52BF4615C}.Release|Any CPU.ActiveCfg = Release|Any CPU
		{0D0DFC56-3EB2-4D60-83FB-10E52BF4615C}.Release|Any CPU.Build.0 = Release|Any CPU
		{12A90154-4EB5-45E4-B758-3A106415C5F7}.Debug|Any CPU.ActiveCfg = Debug|Any CPU
		{12A90154-4EB5-45E4-B758-3A106415C5F7}.Debug|Any CPU.Build.0 = Debug|Any CPU
		{12A90154-4EB5-45E4-B758-3A106415C5F7}.Release|Any CPU.ActiveCfg = Release|Any CPU
		{12A90154-4EB5-45E4-B758-3A106415C5F7}.Release|Any CPU.Build.0 = Release|Any CPU
	EndGlobalSection
	GlobalSection(SolutionProperties) = preSolution
		HideSolutionNode = FALSE
	EndGlobalSection
	GlobalSection(ExtensibilityGlobals) = postSolution
		SolutionGuid = {7F321582-20EA-4E03-B753-6C0A45B5C2CA}
	EndGlobalSection
EndGlobal
